
Microsoft Visual Studio Solution File, Format Version 12.00
# Visual Studio Version 17
VisualStudioVersion = 17.7.34221.43
MinimumVisualStudioVersion = 10.0.40219.1
Project("{8BC9CEB8-8B4A-11D0-8D11-00A0C91BC942}") = "8.2", "8.2\8.2.vcxproj", "{B9D1FC16-85DD-4921-BD7C-24FD1ACDBE14}"
EndProject
Project("{8BC9CEB8-8B4A-11D0-8D11-00A0C91BC942}") = "8.6", "8.6\8.6.vcxproj", "{5530CF12-6DE5-4771-B8EF-B641F2B3738D}"
EndProject
Project("{8BC9CEB8-8B4A-11D0-8D11-00A0C91BC942}") = "8.7", "8.7\8.7.vcxproj", "{24097C6B-A5F7-4787-B73B-56378DD4B4E7}"
EndProject
Project("{8BC9CEB8-8B4A-11D0-8D11-00A0C91BC942}") = "8.10", "8.10\8.10.vcxproj", "{2F71445B-BA79-4DF7-B83D-9942E32A27E2}"
EndProject
Global
	GlobalSection(SolutionConfigurationPlatforms) = preSolution
		Debug|x64 = Debug|x64
		Debug|x86 = Debug|x86
		Release|x64 = Release|x64
		Release|x86 = Release|x86
	EndGlobalSection
	GlobalSection(ProjectConfigurationPlatforms) = postSolution
		{B9D1FC16-85DD-4921-BD7C-24FD1ACDBE14}.Debug|x64.ActiveCfg = Debug|x64
		{B9D1FC16-85DD-4921-BD7C-24FD1ACDBE14}.Debug|x64.Build.0 = Debug|x64
		{B9D1FC16-85DD-4921-BD7C-24FD1ACDBE14}.Debug|x86.ActiveCfg = Debug|Win32
		{B9D1FC16-85DD-4921-BD7C-24FD1ACDBE14}.Debug|x86.Build.0 = Debug|Win32
		{B9D1FC16-85DD-4921-BD7C-24FD1ACDBE14}.Release|x64.ActiveCfg = Release|x64
		{B9D1FC16-85DD-4921-BD7C-24FD1ACDBE14}.Release|x64.Build.0 = Release|x64
		{B9D1FC16-85DD-4921-BD7C-24FD1ACDBE14}.Release|x86.ActiveCfg = Release|Win32
		{B9D1FC16-85DD-4921-BD7C-24FD1ACDBE14}.Release|x86.Build.0 = Release|Win32
		{5530CF12-6DE5-4771-B8EF-B641F2B3738D}.Debug|x64.ActiveCfg = Debug|x64
		{5530CF12-6DE5-4771-B8EF-B641F2B3738D}.Debug|x64.Build.0 = Debug|x64
		{5530CF12-6DE5-4771-B8EF-B641F2B3738D}.Debug|x86.ActiveCfg = Debug|Win32
		{5530CF12-6DE5-4771-B8EF-B641F2B3738D}.Debug|x86.Build.0 = Debug|Win32
		{5530CF12-6DE5-4771-B8EF-B641F2B3738D}.Release|x64.ActiveCfg = Release|x64
		{5530CF12-6DE5-4771-B8EF-B641F2B3738D}.Release|x64.Build.0 = Release|x64
		{5530CF12-6DE5-4771-B8EF-B641F2B3738D}.Release|x86.ActiveCfg = Release|Win32
		{5530CF12-6DE5-4771-B8EF-B641F2B3738D}.Release|x86.Build.0 = Release|Win32
		{24097C6B-A5F7-4787-B73B-56378DD4B4E7}.Debug|x64.ActiveCfg = Debug|x64
		{24097C6B-A5F7-4787-B73B-56378DD4B4E7}.Debug|x64.Build.0 = Debug|x64
		{24097C6B-A5F7-4787-B73B-56378DD4B4E7}.Debug|x86.ActiveCfg = Debug|Win32
		{24097C6B-A5F7-4787-B73B-56378DD4B4E7}.Debug|x86.Build.0 = Debug|Win32
		{24097C6B-A5F7-4787-B73B-56378DD4B4E7}.Release|x64.ActiveCfg = Release|x64
		{24097C6B-A5F7-4787-B73B-56378DD4B4E7}.Release|x64.Build.0 = Release|x64
		{24097C6B-A5F7-4787-B73B-56378DD4B4E7}.Release|x86.ActiveCfg = Release|Win32
		{24097C6B-A5F7-4787-B73B-56378DD4B4E7}.Release|x86.Build.0 = Release|Win32
		{2F71445B-BA79-4DF7-B83D-9942E32A27E2}.Debug|x64.ActiveCfg = Debug|x64
		{2F71445B-BA79-4DF7-B83D-9942E32A27E2}.Debug|x64.Build.0 = Debug|x64
		{2F71445B-BA79-4DF7-B83D-9942E32A27E2}.Debug|x86.ActiveCfg = Debug|Win32
		{2F71445B-BA79-4DF7-B83D-9942E32A27E2}.Debug|x86.Build.0 = Debug|Win32
		{2F71445B-BA79-4DF7-B83D-9942E32A27E2}.Release|x64.ActiveCfg = Release|x64
		{2F71445B-BA79-4DF7-B83D-9942E32A27E2}.Release|x64.Build.0 = Release|x64
		{2F71445B-BA79-4DF7-B83D-9942E32A27E2}.Release|x86.ActiveCfg = Release|Win32
		{2F71445B-BA79-4DF7-B83D-9942E32A27E2}.Release|x86.Build.0 = Release|Win32
	EndGlobalSection
	GlobalSection(SolutionProperties) = preSolution
		HideSolutionNode = FALSE
	EndGlobalSection
	GlobalSection(ExtensibilityGlobals) = postSolution
		SolutionGuid = {86F4943F-4E85-418E-92CE-717517FCF8BF}
	EndGlobalSection
EndGlobal
